
Microsoft Visual Studio Solution File, Format Version 12.00
# Visual Studio Version 17
VisualStudioVersion = 17.5.33530.505
MinimumVisualStudioVersion = 10.0.40219.1
Project("{9A19103F-16F7-4668-BE54-9A1E7A4F7556}") = "ComboBoxDemo", "ComboBoxDemo\ComboBoxDemo.csproj", "{A390E906-A5DA-428A-8A37-7931C0480680}"
EndProject
Project("{9A19103F-16F7-4668-BE54-9A1E7A4F7556}") = "TextBoxAsync", "TextBoxAsync\TextBoxAsync.csproj", "{8300C289-9403-4428-8B95-483CA71EF099}"
EndProject
Project("{FAE04EC0-301F-11D3-BF4B-00C04F79EFBC}") = "MenuPrettify", "MenuPrettify\MenuPrettify.csproj", "{ADC35455-31E1-43F5-9240-CC39835F5879}"
EndProject
Global
	GlobalSection(SolutionConfigurationPlatforms) = preSolution
		Debug|Any CPU = Debug|Any CPU
		Release|Any CPU = Release|Any CPU
	EndGlobalSection
	GlobalSection(ProjectConfigurationPlatforms) = postSolution
		{A390E906-A5DA-428A-8A37-7931C0480680}.Debug|Any CPU.ActiveCfg = Debug|Any CPU
		{A390E906-A5DA-428A-8A37-7931C0480680}.Debug|Any CPU.Build.0 = Debug|Any CPU
		{A390E906-A5DA-428A-8A37-7931C0480680}.Release|Any CPU.ActiveCfg = Release|Any CPU
		{A390E906-A5DA-428A-8A37-7931C0480680}.Release|Any CPU.Build.0 = Release|Any CPU
		{8300C289-9403-4428-8B95-483CA71EF099}.Debug|Any CPU.ActiveCfg = Debug|Any CPU
		{8300C289-9403-4428-8B95-483CA71EF099}.Debug|Any CPU.Build.0 = Debug|Any CPU
		{8300C289-9403-4428-8B95-483CA71EF099}.Release|Any CPU.ActiveCfg = Release|Any CPU
		{8300C289-9403-4428-8B95-483CA71EF099}.Release|Any CPU.Build.0 = Release|Any CPU
		{ADC35455-31E1-43F5-9240-CC39835F5879}.Debug|Any CPU.ActiveCfg = Debug|Any CPU
		{ADC35455-31E1-43F5-9240-CC39835F5879}.Debug|Any CPU.Build.0 = Debug|Any CPU
		{ADC35455-31E1-43F5-9240-CC39835F5879}.Release|Any CPU.ActiveCfg = Release|Any CPU
		{ADC35455-31E1-43F5-9240-CC39835F5879}.Release|Any CPU.Build.0 = Release|Any CPU
	EndGlobalSection
	GlobalSection(SolutionProperties) = preSolution
		HideSolutionNode = FALSE
	EndGlobalSection
	GlobalSection(ExtensibilityGlobals) = postSolution
		SolutionGuid = {B65475D1-1BFC-4E82-8016-DF541316747E}
	EndGlobalSection
EndGlobal
